# THIS IS AN AUTOGENERATED FILE. DO NOT EDIT THIS FILE DIRECTLY.
# yarn lockfile v1


json-to-graphql-query@^2.0.0:
  version "2.0.0"
  resolved "https://registry.yarnpkg.com/json-to-graphql-query/-/json-to-graphql-query-2.0.0.tgz#2b0364a1be891ee530947db3cfbcae0ce583976e"
  integrity sha512-+oFKHOVymP+jDETuLCl+ich+F7b8ym0vdczmOs8aJbtRd61+YGugVrtrI4xh5zfY1ZAVFG+zTAAsfDS1t5+17g==
