# THIS IS AN AUTOGENERATED FILE. DO NOT EDIT THIS FILE DIRECTLY.
# yarn lockfile v1


fast-sort@^2.2.0:
  version "2.2.0"
  resolved "https://registry.yarnpkg.com/fast-sort/-/fast-sort-2.2.0.tgz#20903763531fbcbb41c9df5ab1bf5f2cefc8476a"
  integrity sha512-W7zqnn2zsYoQA87FKmYtgOsbJohOrh7XrtZrCVHN5XZKqTBTv5UG+rSS3+iWbg/nepRQUOu+wnas8BwtK8kiCg==
